
Microsoft Visual Studio Solution File, Format Version 12.00
# Visual Studio Version 16
VisualStudioVersion = 16.0.29409.12
MinimumVisualStudioVersion = 10.0.40219.1
Project("{9A19103F-16F7-4668-BE54-9A1E7A4F7556}") = "SoccerDataImporter", "SoccerDataImporter.csproj", "{B021A6D1-8F08-439C-A4EC-060A72C24FAE}"
EndProject
Project("{FAE04EC0-301F-11D3-BF4B-00C04F79EFBC}") = "SoccerDataImporter.Tests", "..\SoccerDataImporter.Tests\SoccerDataImporter.Tests.csproj", "{DF3F2F02-73DE-4E08-92EE-35AC26EEEA6D}"
EndProject
Global
	GlobalSection(SolutionConfigurationPlatforms) = preSolution
		Debug|Any CPU = Debug|Any CPU
		Release|Any CPU = Release|Any CPU
	EndGlobalSection
	GlobalSection(ProjectConfigurationPlatforms) = postSolution
		{B021A6D1-8F08-439C-A4EC-060A72C24FAE}.Debug|Any CPU.ActiveCfg = Debug|Any CPU
		{B021A6D1-8F08-439C-A4EC-060A72C24FAE}.Debug|Any CPU.Build.0 = Debug|Any CPU
		{B021A6D1-8F08-439C-A4EC-060A72C24FAE}.Release|Any CPU.ActiveCfg = Release|Any CPU
		{B021A6D1-8F08-439C-A4EC-060A72C24FAE}.Release|Any CPU.Build.0 = Release|Any CPU
		{DF3F2F02-73DE-4E08-92EE-35AC26EEEA6D}.Debug|Any CPU.ActiveCfg = Debug|Any CPU
		{DF3F2F02-73DE-4E08-92EE-35AC26EEEA6D}.Debug|Any CPU.Build.0 = Debug|Any CPU
		{DF3F2F02-73DE-4E08-92EE-35AC26EEEA6D}.Release|Any CPU.ActiveCfg = Release|Any CPU
		{DF3F2F02-73DE-4E08-92EE-35AC26EEEA6D}.Release|Any CPU.Build.0 = Release|Any CPU
	EndGlobalSection
	GlobalSection(SolutionProperties) = preSolution
		HideSolutionNode = FALSE
	EndGlobalSection
	GlobalSection(ExtensibilityGlobals) = postSolution
		SolutionGuid = {71545313-F6DD-49B2-8BE8-27817FF43844}
	EndGlobalSection
EndGlobal
